
Microsoft Visual Studio Solution File, Format Version 12.00
# Visual Studio Version 16
VisualStudioVersion = 16.0.32413.511
MinimumVisualStudioVersion = 10.0.40219.1
Project("{FAE04EC0-301F-11D3-BF4B-00C04F79EFBC}") = "RecREC", "RecREC\RecREC.csproj", "{EE1D0A51-7A08-4301-B200-55B1C4464257}"
EndProject
Global
	GlobalSection(SolutionConfigurationPlatforms) = preSolution
		Debug|Any CPU = Debug|Any CPU
		Release|Any CPU = Release|Any CPU
	EndGlobalSection
	GlobalSection(ProjectConfigurationPlatforms) = postSolution
		{EE1D0A51-7A08-4301-B200-55B1C4464257}.Debug|Any CPU.ActiveCfg = Debug|Any CPU
		{EE1D0A51-7A08-4301-B200-55B1C4464257}.Debug|Any CPU.Build.0 = Debug|Any CPU
		{EE1D0A51-7A08-4301-B200-55B1C4464257}.Release|Any CPU.ActiveCfg = Release|Any CPU
		{EE1D0A51-7A08-4301-B200-55B1C4464257}.Release|Any CPU.Build.0 = Release|Any CPU
	EndGlobalSection
	GlobalSection(SolutionProperties) = preSolution
		HideSolutionNode = FALSE
	EndGlobalSection
	GlobalSection(ExtensibilityGlobals) = postSolution
		SolutionGuid = {048BAAA2-F026-497A-9EE8-BABF466DBCD0}
	EndGlobalSection
EndGlobal
